
Microsoft Visual Studio Solution File, Format Version 12.00
# Visual Studio Version 17
VisualStudioVersion = 17.14.37614.0 d17.14
MinimumVisualStudioVersion = 10.0.40219.1
Project("{FAE04EC0-301F-11D3-BF4B-00C04F79EFBC}") = "GameFramework", "GameFramework\GameFramework.csproj", "{9978CF14-8431-4D3B-9A63-4911265EAA11}"
EndProject
Global
	GlobalSection(SolutionConfigurationPlatforms) = preSolution
		Debug|Any CPU = Debug|Any CPU
		Release|Any CPU = Release|Any CPU
	EndGlobalSection
	GlobalSection(ProjectConfigurationPlatforms) = postSolution
		{9978CF14-8431-4D3B-9A63-4911265EAA11}.Debug|Any CPU.ActiveCfg = Debug|Any CPU
		{9978CF14-8431-4D3B-9A63-4911265EAA11}.Debug|Any CPU.Build.0 = Debug|Any CPU
		{9978CF14-8431-4D3B-9A63-4911265EAA11}.Release|Any CPU.ActiveCfg = Release|Any CPU
		{9978CF14-8431-4D3B-9A63-4911265EAA11}.Release|Any CPU.Build.0 = Release|Any CPU
	EndGlobalSection
	GlobalSection(SolutionProperties) = preSolution
		HideSolutionNode = FALSE
	EndGlobalSection
	GlobalSection(ExtensibilityGlobals) = postSolution
		SolutionGuid = {E8D53F10-D9E1-493C-80F2-89C794B6C397}
	EndGlobalSection
EndGlobal
